
Microsoft Visual Studio Solution File, Format Version 12.00
# Visual Studio Version 16
VisualStudioVersion = 16.0.30621.155
MinimumVisualStudioVersion = 10.0.40219.1
Project("{FAE04EC0-301F-11D3-BF4B-00C04F79EFBC}") = "RestaurantRater", "RestaurantRater\RestaurantRater.csproj", "{19402C83-FA8A-42E9-B50B-482B90425CE2}"
EndProject
Global
	GlobalSection(SolutionConfigurationPlatforms) = preSolution
		Debug|Any CPU = Debug|Any CPU
		Release|Any CPU = Release|Any CPU
	EndGlobalSection
	GlobalSection(ProjectConfigurationPlatforms) = postSolution
		{19402C83-FA8A-42E9-B50B-482B90425CE2}.Debug|Any CPU.ActiveCfg = Debug|Any CPU
		{19402C83-FA8A-42E9-B50B-482B90425CE2}.Debug|Any CPU.Build.0 = Debug|Any CPU
		{19402C83-FA8A-42E9-B50B-482B90425CE2}.Release|Any CPU.ActiveCfg = Release|Any CPU
		{19402C83-FA8A-42E9-B50B-482B90425CE2}.Release|Any CPU.Build.0 = Release|Any CPU
	EndGlobalSection
	GlobalSection(SolutionProperties) = preSolution
		HideSolutionNode = FALSE
	EndGlobalSection
	GlobalSection(ExtensibilityGlobals) = postSolution
		SolutionGuid = {C755D04C-01DD-4E35-BC40-FDF39A904AAB}
	EndGlobalSection
EndGlobal
